
Microsoft Visual Studio Solution File, Format Version 12.00
# Visual Studio Version 17
VisualStudioVersion = 17.3.32611.2
MinimumVisualStudioVersion = 10.0.40219.1
Project("{9A19103F-16F7-4668-BE54-9A1E7A4F7556}") = "BookStore.Domain", "src\BookStore.Domain\BookStore.Domain.csproj", "{554AD327-6DBA-4F8F-96F8-81CE7A0C863F}"
EndProject
Project("{9A19103F-16F7-4668-BE54-9A1E7A4F7556}") = "BookStore.Application", "src\BookStore.Application\BookStore.Application.csproj", "{1A94A50E-06DC-43C1-80B5-B662820EC3EB}"
EndProject
Project("{9A19103F-16F7-4668-BE54-9A1E7A4F7556}") = "BookStore.EntityFrameworkCore", "src\BookStore.EntityFrameworkCore\BookStore.EntityFrameworkCore.csproj", "{C956DD76-69C8-4A9C-83EA-D17DF83340FD}"
EndProject
Project("{9A19103F-16F7-4668-BE54-9A1E7A4F7556}") = "BookStore.Web", "src\BookStore.Web\BookStore.Web.csproj", "{068855E8-9240-4F1A-910B-CF825794513B}"
EndProject
Project("{2150E333-8FDC-42A3-9474-1A3956D46DE8}") = "src", "src", "{CA9AC87F-097E-4F15-8393-4BC07735A5B0}"
EndProject
Project("{2150E333-8FDC-42A3-9474-1A3956D46DE8}") = "test", "test", "{04DBDB01-70F4-4E06-B468-8F87850B22BE}"
EndProject
Project("{9A19103F-16F7-4668-BE54-9A1E7A4F7556}") = "BookStore.Application.Tests", "test\BookStore.Application.Tests\BookStore.Application.Tests.csproj", "{50B2631D-129C-47B3-A587-029CCD6099BC}"
EndProject
Project("{9A19103F-16F7-4668-BE54-9A1E7A4F7556}") = "BookStore.Web.Tests", "test\BookStore.Web.Tests\BookStore.Web.Tests.csproj", "{5F1B28C6-8D0C-4155-92D0-252F7EA5F674}"
EndProject
Project("{9A19103F-16F7-4668-BE54-9A1E7A4F7556}") = "BookStore.Domain.Shared", "src\BookStore.Domain.Shared\BookStore.Domain.Shared.csproj", "{42F719ED-8413-4895-B5B4-5AB56079BC66}"
EndProject
Project("{9A19103F-16F7-4668-BE54-9A1E7A4F7556}") = "BookStore.Application.Contracts", "src\BookStore.Application.Contracts\BookStore.Application.Contracts.csproj", "{520659C8-C734-4298-A3DA-B539DB9DFC0B}"
EndProject
Project("{9A19103F-16F7-4668-BE54-9A1E7A4F7556}") = "BookStore.HttpApi", "src\BookStore.HttpApi\BookStore.HttpApi.csproj", "{4164BDF7-F527-4E85-9CE6-E3C2D7426A27}"
EndProject
Project("{9A19103F-16F7-4668-BE54-9A1E7A4F7556}") = "BookStore.HttpApi.Client", "src\BookStore.HttpApi.Client\BookStore.HttpApi.Client.csproj", "{3B5A0094-670D-4BB1-BFDD-61B88A8773DC}"
EndProject
Project("{9A19103F-16F7-4668-BE54-9A1E7A4F7556}") = "BookStore.EntityFrameworkCore.Tests", "test\BookStore.EntityFrameworkCore.Tests\BookStore.EntityFrameworkCore.Tests.csproj", "{1FE30EB9-74A9-47F5-A9F6-7B1FAB672D81}"
EndProject
Project("{9A19103F-16F7-4668-BE54-9A1E7A4F7556}") = "BookStore.TestBase", "test\BookStore.TestBase\BookStore.TestBase.csproj", "{91853F21-9CD9-4132-BC29-A7D5D84FFFE7}"
EndProject
Project("{9A19103F-16F7-4668-BE54-9A1E7A4F7556}") = "BookStore.Domain.Tests", "test\BookStore.Domain.Tests\BookStore.Domain.Tests.csproj", "{E512F4D9-9375-480F-A2F6-A46509F9D824}"
EndProject
Project("{9A19103F-16F7-4668-BE54-9A1E7A4F7556}") = "BookStore.HttpApi.Client.ConsoleTestApp", "test\BookStore.HttpApi.Client.ConsoleTestApp\BookStore.HttpApi.Client.ConsoleTestApp.csproj", "{EF480016-9127-4916-8735-D2466BDBC582}"
EndProject
Project("{9A19103F-16F7-4668-BE54-9A1E7A4F7556}") = "BookStore.DbMigrator", "src\BookStore.DbMigrator\BookStore.DbMigrator.csproj", "{70680696-BB1E-4383-BCB2-42C3767171FB}"
EndProject
Project("{2150E333-8FDC-42A3-9474-1A3956D46DE8}") = "modules", "modules", "{CA253913-39DE-BFD0-C9A3-4B7EC6FBDF17}"
EndProject
Project("{2150E333-8FDC-42A3-9474-1A3956D46DE8}") = "Volo.Blogging", "Volo.Blogging", "{0248210F-FB81-8F4D-F3AB-BFD68D30FAE7}"
EndProject
Project("{FAE04EC0-301F-11D3-BF4B-00C04F79EFBC}") = "Volo.Blogging.Admin.Application", "modules\Volo.Blogging\src\Volo.Blogging.Admin.Application\Volo.Blogging.Admin.Application.csproj", "{5C4D8B30-9820-4337-AB16-3206310584FD}"
EndProject
Project("{FAE04EC0-301F-11D3-BF4B-00C04F79EFBC}") = "Volo.Blogging.Admin.Application.Contracts", "modules\Volo.Blogging\src\Volo.Blogging.Admin.Application.Contracts\Volo.Blogging.Admin.Application.Contracts.csproj", "{85832B38-6DE8-4C7D-88E1-57B52C8BBC5D}"
EndProject
Project("{FAE04EC0-301F-11D3-BF4B-00C04F79EFBC}") = "Volo.Blogging.Application.Contracts.Shared", "modules\Volo.Blogging\src\Volo.Blogging.Application.Contracts.Shared\Volo.Blogging.Application.Contracts.Shared.csproj", "{23CDBC6C-47FD-4922-B495-ACB80B37FAAB}"
EndProject
Project("{FAE04EC0-301F-11D3-BF4B-00C04F79EFBC}") = "Volo.Blogging.Domain.Shared", "modules\Volo.Blogging\src\Volo.Blogging.Domain.Shared\Volo.Blogging.Domain.Shared.csproj", "{E9D2555C-D286-4C99-A666-4932E87241A6}"
EndProject
Project("{FAE04EC0-301F-11D3-BF4B-00C04F79EFBC}") = "Volo.Blogging.Domain", "modules\Volo.Blogging\src\Volo.Blogging.Domain\Volo.Blogging.Domain.csproj", "{1E450B7B-6566-4F97-A006-AF4A92E17325}"
EndProject
Project("{FAE04EC0-301F-11D3-BF4B-00C04F79EFBC}") = "Volo.Blogging.Admin.HttpApi", "modules\Volo.Blogging\src\Volo.Blogging.Admin.HttpApi\Volo.Blogging.Admin.HttpApi.csproj", "{2D55CF5F-9DCA-4117-8362-2847CDCEF9DE}"
EndProject
Project("{FAE04EC0-301F-11D3-BF4B-00C04F79EFBC}") = "Volo.Blogging.Admin.HttpApi.Client", "modules\Volo.Blogging\src\Volo.Blogging.Admin.HttpApi.Client\Volo.Blogging.Admin.HttpApi.Client.csproj", "{45798F9D-4E5C-4987-9894-D317062D0964}"
EndProject
Project("{FAE04EC0-301F-11D3-BF4B-00C04F79EFBC}") = "Volo.Blogging.Admin.Web", "modules\Volo.Blogging\src\Volo.Blogging.Admin.Web\Volo.Blogging.Admin.Web.csproj", "{2745EDA8-0C08-4042-9974-27840034E86D}"
EndProject
Project("{FAE04EC0-301F-11D3-BF4B-00C04F79EFBC}") = "Volo.Blogging.Application", "modules\Volo.Blogging\src\Volo.Blogging.Application\Volo.Blogging.Application.csproj", "{E9E8DC0B-B4EE-4F13-BC34-76C0256EF3E0}"
EndProject
Project("{FAE04EC0-301F-11D3-BF4B-00C04F79EFBC}") = "Volo.Blogging.Application.Contracts", "modules\Volo.Blogging\src\Volo.Blogging.Application.Contracts\Volo.Blogging.Application.Contracts.csproj", "{1EAA3E74-B286-479D-A5C7-A38B5F145EF2}"
EndProject
Project("{FAE04EC0-301F-11D3-BF4B-00C04F79EFBC}") = "Volo.Blogging.EntityFrameworkCore", "modules\Volo.Blogging\src\Volo.Blogging.EntityFrameworkCore\Volo.Blogging.EntityFrameworkCore.csproj", "{0F2B299C-DF7F-4156-967F-BD2B85C8BD4B}"
EndProject
Project("{FAE04EC0-301F-11D3-BF4B-00C04F79EFBC}") = "Volo.Blogging.HttpApi", "modules\Volo.Blogging\src\Volo.Blogging.HttpApi\Volo.Blogging.HttpApi.csproj", "{5BFB266F-9DCC-431C-87DF-5E8198D47F15}"
EndProject
Project("{FAE04EC0-301F-11D3-BF4B-00C04F79EFBC}") = "Volo.Blogging.HttpApi.Client", "modules\Volo.Blogging\src\Volo.Blogging.HttpApi.Client\Volo.Blogging.HttpApi.Client.csproj", "{66F2B849-DB0F-4AA8-8302-8685D1D7CB9D}"
EndProject
Project("{FAE04EC0-301F-11D3-BF4B-00C04F79EFBC}") = "Volo.Blogging.Installer", "modules\Volo.Blogging\src\Volo.Blogging.Installer\Volo.Blogging.Installer.csproj", "{BC6332BE-3CF7-48EF-9658-D8B3EE7529DB}"
EndProject
Project("{FAE04EC0-301F-11D3-BF4B-00C04F79EFBC}") = "Volo.Blogging.MongoDB", "modules\Volo.Blogging\src\Volo.Blogging.MongoDB\Volo.Blogging.MongoDB.csproj", "{2F29DF43-1772-4D6D-8A7D-ABDCCEC6DF9A}"
EndProject
Project("{FAE04EC0-301F-11D3-BF4B-00C04F79EFBC}") = "Volo.Blogging.Web", "modules\Volo.Blogging\src\Volo.Blogging.Web\Volo.Blogging.Web.csproj", "{4248ACEA-19B3-4BF7-ABAE-762C50C4AB5E}"
EndProject
Project("{2150E333-8FDC-42A3-9474-1A3956D46DE8}") = "Volo.Blogging.Tests", "Volo.Blogging.Tests", "{9CE99322-091D-62DF-B4C8-DA745BC3385A}"
EndProject
Project("{FAE04EC0-301F-11D3-BF4B-00C04F79EFBC}") = "Volo.Blogging.Application.Tests", "modules\Volo.Blogging\test\Volo.Blogging.Application.Tests\Volo.Blogging.Application.Tests.csproj", "{AADB1EA0-679C-4DBA-B209-4DD11C89FD89}"
EndProject
Project("{FAE04EC0-301F-11D3-BF4B-00C04F79EFBC}") = "Volo.Blogging.Domain.Tests", "modules\Volo.Blogging\test\Volo.Blogging.Domain.Tests\Volo.Blogging.Domain.Tests.csproj", "{41924BE6-B1DB-4BA7-B402-BA576FBE011F}"
EndProject
Project("{FAE04EC0-301F-11D3-BF4B-00C04F79EFBC}") = "Volo.Blogging.EntityFrameworkCore.Tests", "modules\Volo.Blogging\test\Volo.Blogging.EntityFrameworkCore.Tests\Volo.Blogging.EntityFrameworkCore.Tests.csproj", "{89119E69-F9D0-4A21-A4A8-D12D8E0883D0}"
EndProject
Project("{FAE04EC0-301F-11D3-BF4B-00C04F79EFBC}") = "Volo.Blogging.TestBase", "modules\Volo.Blogging\test\Volo.Blogging.TestBase\Volo.Blogging.TestBase.csproj", "{5742023E-CAC8-4279-A9FB-9A4AFBC377BE}"
EndProject
Project("{FAE04EC0-301F-11D3-BF4B-00C04F79EFBC}") = "Volo.Blogging.MongoDB.Tests", "modules\Volo.Blogging\test\Volo.Blogging.MongoDB.Tests\Volo.Blogging.MongoDB.Tests.csproj", "{9C71F51C-F85B-47BF-A55B-AA1D873A127A}"
EndProject
Global
	GlobalSection(SolutionConfigurationPlatforms) = preSolution
		Debug|Any CPU = Debug|Any CPU
		Debug|x64 = Debug|x64
		Debug|x86 = Debug|x86
		Release|Any CPU = Release|Any CPU
		Release|x64 = Release|x64
		Release|x86 = Release|x86
	EndGlobalSection
	GlobalSection(ProjectConfigurationPlatforms) = postSolution
		{554AD327-6DBA-4F8F-96F8-81CE7A0C863F}.Debug|Any CPU.ActiveCfg = Debug|Any CPU
		{554AD327-6DBA-4F8F-96F8-81CE7A0C863F}.Debug|Any CPU.Build.0 = Debug|Any CPU
		{554AD327-6DBA-4F8F-96F8-81CE7A0C863F}.Debug|x64.ActiveCfg = Debug|Any CPU
		{554AD327-6DBA-4F8F-96F8-81CE7A0C863F}.Debug|x64.Build.0 = Debug|Any CPU
		{554AD327-6DBA-4F8F-96F8-81CE7A0C863F}.Debug|x86.ActiveCfg = Debug|Any CPU
		{554AD327-6DBA-4F8F-96F8-81CE7A0C863F}.Debug|x86.Build.0 = Debug|Any CPU
		{554AD327-6DBA-4F8F-96F8-81CE7A0C863F}.Release|Any CPU.ActiveCfg = Release|Any CPU
		{554AD327-6DBA-4F8F-96F8-81CE7A0C863F}.Release|Any CPU.Build.0 = Release|Any CPU
		{554AD327-6DBA-4F8F-96F8-81CE7A0C863F}.Release|x64.ActiveCfg = Release|Any CPU
		{554AD327-6DBA-4F8F-96F8-81CE7A0C863F}.Release|x64.Build.0 = Release|Any CPU
		{554AD327-6DBA-4F8F-96F8-81CE7A0C863F}.Release|x86.ActiveCfg = Release|Any CPU
		{554AD327-6DBA-4F8F-96F8-81CE7A0C863F}.Release|x86.Build.0 = Release|Any CPU
		{1A94A50E-06DC-43C1-80B5-B662820EC3EB}.Debug|Any CPU.ActiveCfg = Debug|Any CPU
		{1A94A50E-06DC-43C1-80B5-B662820EC3EB}.Debug|Any CPU.Build.0 = Debug|Any CPU
		{1A94A50E-06DC-43C1-80B5-B662820EC3EB}.Debug|x64.ActiveCfg = Debug|Any CPU
		{1A94A50E-06DC-43C1-80B5-B662820EC3EB}.Debug|x64.Build.0 = Debug|Any CPU
		{1A94A50E-06DC-43C1-80B5-B662820EC3EB}.Debug|x86.ActiveCfg = Debug|Any CPU
		{1A94A50E-06DC-43C1-80B5-B662820EC3EB}.Debug|x86.Build.0 = Debug|Any CPU
		{1A94A50E-06DC-43C1-80B5-B662820EC3EB}.Release|Any CPU.ActiveCfg = Release|Any CPU
		{1A94A50E-06DC-43C1-80B5-B662820EC3EB}.Release|Any CPU.Build.0 = Release|Any CPU
		{1A94A50E-06DC-43C1-80B5-B662820EC3EB}.Release|x64.ActiveCfg = Release|Any CPU
		{1A94A50E-06DC-43C1-80B5-B662820EC3EB}.Release|x64.Build.0 = Release|Any CPU
		{1A94A50E-06DC-43C1-80B5-B662820EC3EB}.Release|x86.ActiveCfg = Release|Any CPU
		{1A94A50E-06DC-43C1-80B5-B662820EC3EB}.Release|x86.Build.0 = Release|Any CPU
		{C956DD76-69C8-4A9C-83EA-D17DF83340FD}.Debug|Any CPU.ActiveCfg = Debug|Any CPU
		{C956DD76-69C8-4A9C-83EA-D17DF83340FD}.Debug|Any CPU.Build.0 = Debug|Any CPU
		{C956DD76-69C8-4A9C-83EA-D17DF83340FD}.Debug|x64.ActiveCfg = Debug|Any CPU
		{C956DD76-69C8-4A9C-83EA-D17DF83340FD}.Debug|x64.Build.0 = Debug|Any CPU
		{C956DD76-69C8-4A9C-83EA-D17DF83340FD}.Debug|x86.ActiveCfg = Debug|Any CPU
		{C956DD76-69C8-4A9C-83EA-D17DF83340FD}.Debug|x86.Build.0 = Debug|Any CPU
		{C956DD76-69C8-4A9C-83EA-D17DF83340FD}.Release|Any CPU.ActiveCfg = Release|Any CPU
		{C956DD76-69C8-4A9C-83EA-D17DF83340FD}.Release|Any CPU.Build.0 = Release|Any CPU
		{C956DD76-69C8-4A9C-83EA-D17DF83340FD}.Release|x64.ActiveCfg = Release|Any CPU
		{C956DD76-69C8-4A9C-83EA-D17DF83340FD}.Release|x64.Build.0 = Release|Any CPU
		{C956DD76-69C8-4A9C-83EA-D17DF83340FD}.Release|x86.ActiveCfg = Release|Any CPU
		{C956DD76-69C8-4A9C-83EA-D17DF83340FD}.Release|x86.Build.0 = Release|Any CPU
		{068855E8-9240-4F1A-910B-CF825794513B}.Debug|Any CPU.ActiveCfg = Debug|Any CPU
		{068855E8-9240-4F1A-910B-CF825794513B}.Debug|Any CPU.Build.0 = Debug|Any CPU
		{068855E8-9240-4F1A-910B-CF825794513B}.Debug|x64.ActiveCfg = Debug|Any CPU
		{068855E8-9240-4F1A-910B-CF825794513B}.Debug|x64.Build.0 = Debug|Any CPU
		{068855E8-9240-4F1A-910B-CF825794513B}.Debug|x86.ActiveCfg = Debug|Any CPU
		{068855E8-9240-4F1A-910B-CF825794513B}.Debug|x86.Build.0 = Debug|Any CPU
		{068855E8-9240-4F1A-910B-CF825794513B}.Release|Any CPU.ActiveCfg = Release|Any CPU
		{068855E8-9240-4F1A-910B-CF825794513B}.Release|Any CPU.Build.0 = Release|Any CPU
		{068855E8-9240-4F1A-910B-CF825794513B}.Release|x64.ActiveCfg = Release|Any CPU
		{068855E8-9240-4F1A-910B-CF825794513B}.Release|x64.Build.0 = Release|Any CPU
		{068855E8-9240-4F1A-910B-CF825794513B}.Release|x86.ActiveCfg = Release|Any CPU
		{068855E8-9240-4F1A-910B-CF825794513B}.Release|x86.Build.0 = Release|Any CPU
		{50B2631D-129C-47B3-A587-029CCD6099BC}.Debug|Any CPU.ActiveCfg = Debug|Any CPU
		{50B2631D-129C-47B3-A587-029CCD6099BC}.Debug|Any CPU.Build.0 = Debug|Any CPU
		{50B2631D-129C-47B3-A587-029CCD6099BC}.Debug|x64.ActiveCfg = Debug|Any CPU
		{50B2631D-129C-47B3-A587-029CCD6099BC}.Debug|x64.Build.0 = Debug|Any CPU
		{50B2631D-129C-47B3-A587-029CCD6099BC}.Debug|x86.ActiveCfg = Debug|Any CPU
		{50B2631D-129C-47B3-A587-029CCD6099BC}.Debug|x86.Build.0 = Debug|Any CPU
		{50B2631D-129C-47B3-A587-029CCD6099BC}.Release|Any CPU.ActiveCfg = Release|Any CPU
		{50B2631D-129C-47B3-A587-029CCD6099BC}.Release|Any CPU.Build.0 = Release|Any CPU
		{50B2631D-129C-47B3-A587-029CCD6099BC}.Release|x64.ActiveCfg = Release|Any CPU
		{50B2631D-129C-47B3-A587-029CCD6099BC}.Release|x64.Build.0 = Release|Any CPU
		{50B2631D-129C-47B3-A587-029CCD6099BC}.Release|x86.ActiveCfg = Release|Any CPU
		{50B2631D-129C-47B3-A587-029CCD6099BC}.Release|x86.Build.0 = Release|Any CPU
		{5F1B28C6-8D0C-4155-92D0-252F7EA5F674}.Debug|Any CPU.ActiveCfg = Debug|Any CPU
		{5F1B28C6-8D0C-4155-92D0-252F7EA5F674}.Debug|Any CPU.Build.0 = Debug|Any CPU
		{5F1B28C6-8D0C-4155-92D0-252F7EA5F674}.Debug|x64.ActiveCfg = Debug|Any CPU
		{5F1B28C6-8D0C-4155-92D0-252F7EA5F674}.Debug|x64.Build.0 = Debug|Any CPU
		{5F1B28C6-8D0C-4155-92D0-252F7EA5F674}.Debug|x86.ActiveCfg = Debug|Any CPU
		{5F1B28C6-8D0C-4155-92D0-252F7EA5F674}.Debug|x86.Build.0 = Debug|Any CPU
		{5F1B28C6-8D0C-4155-92D0-252F7EA5F674}.Release|Any CPU.ActiveCfg = Release|Any CPU
		{5F1B28C6-8D0C-4155-92D0-252F7EA5F674}.Release|Any CPU.Build.0 = Release|Any CPU
		{5F1B28C6-8D0C-4155-92D0-252F7EA5F674}.Release|x64.ActiveCfg = Release|Any CPU
		{5F1B28C6-8D0C-4155-92D0-252F7EA5F674}.Release|x64.Build.0 = Release|Any CPU
		{5F1B28C6-8D0C-4155-92D0-252F7EA5F674}.Release|x86.ActiveCfg = Release|Any CPU
		{5F1B28C6-8D0C-4155-92D0-252F7EA5F674}.Release|x86.Build.0 = Release|Any CPU
		{42F719ED-8413-4895-B5B4-5AB56079BC66}.Debug|Any CPU.ActiveCfg = Debug|Any CPU
		{42F719ED-8413-4895-B5B4-5AB56079BC66}.Debug|Any CPU.Build.0 = Debug|Any CPU
		{42F719ED-8413-4895-B5B4-5AB56079BC66}.Debug|x64.ActiveCfg = Debug|Any CPU
		{42F719ED-8413-4895-B5B4-5AB56079BC66}.Debug|x64.Build.0 = Debug|Any CPU
		{42F719ED-8413-4895-B5B4-5AB56079BC66}.Debug|x86.ActiveCfg = Debug|Any CPU
		{42F719ED-8413-4895-B5B4-5AB56079BC66}.Debug|x86.Build.0 = Debug|Any CPU
		{42F719ED-8413-4895-B5B4-5AB56079BC66}.Release|Any CPU.ActiveCfg = Release|Any CPU
		{42F719ED-8413-4895-B5B4-5AB56079BC66}.Release|Any CPU.Build.0 = Release|Any CPU
		{42F719ED-8413-4895-B5B4-5AB56079BC66}.Release|x64.ActiveCfg = Release|Any CPU
		{42F719ED-8413-4895-B5B4-5AB56079BC66}.Release|x64.Build.0 = Release|Any CPU
		{42F719ED-8413-4895-B5B4-5AB56079BC66}.Release|x86.ActiveCfg = Release|Any CPU
		{42F719ED-8413-4895-B5B4-5AB56079BC66}.Release|x86.Build.0 = Release|Any CPU
		{520659C8-C734-4298-A3DA-B539DB9DFC0B}.Debug|Any CPU.ActiveCfg = Debug|Any CPU
		{520659C8-C734-4298-A3DA-B539DB9DFC0B}.Debug|Any CPU.Build.0 = Debug|Any CPU
		{520659C8-C734-4298-A3DA-B539DB9DFC0B}.Debug|x64.ActiveCfg = Debug|Any CPU
		{520659C8-C734-4298-A3DA-B539DB9DFC0B}.Debug|x64.Build.0 = Debug|Any CPU
		{520659C8-C734-4298-A3DA-B539DB9DFC0B}.Debug|x86.ActiveCfg = Debug|Any CPU
		{520659C8-C734-4298-A3DA-B539DB9DFC0B}.Debug|x86.Build.0 = Debug|Any CPU
		{520659C8-C734-4298-A3DA-B539DB9DFC0B}.Release|Any CPU.ActiveCfg = Release|Any CPU
		{520659C8-C734-4298-A3DA-B539DB9DFC0B}.Release|Any CPU.Build.0 = Release|Any CPU
		{520659C8-C734-4298-A3DA-B539DB9DFC0B}.Release|x64.ActiveCfg = Release|Any CPU
		{520659C8-C734-4298-A3DA-B539DB9DFC0B}.Release|x64.Build.0 = Release|Any CPU
		{520659C8-C734-4298-A3DA-B539DB9DFC0B}.Release|x86.ActiveCfg = Release|Any CPU
		{520659C8-C734-4298-A3DA-B539DB9DFC0B}.Release|x86.Build.0 = Release|Any CPU
		{4164BDF7-F527-4E85-9CE6-E3C2D7426A27}.Debug|Any CPU.ActiveCfg = Debug|Any CPU
		{4164BDF7-F527-4E85-9CE6-E3C2D7426A27}.Debug|Any CPU.Build.0 = Debug|Any CPU
		{4164BDF7-F527-4E85-9CE6-E3C2D7426A27}.Debug|x64.ActiveCfg = Debug|Any CPU
		{4164BDF7-F527-4E85-9CE6-E3C2D7426A27}.Debug|x64.Build.0 = Debug|Any CPU
		{4164BDF7-F527-4E85-9CE6-E3C2D7426A27}.Debug|x86.ActiveCfg = Debug|Any CPU
		{4164BDF7-F527-4E85-9CE6-E3C2D7426A27}.Debug|x86.Build.0 = Debug|Any CPU
		{4164BDF7-F527-4E85-9CE6-E3C2D7426A27}.Release|Any CPU.ActiveCfg = Release|Any CPU
		{4164BDF7-F527-4E85-9CE6-E3C2D7426A27}.Release|Any CPU.Build.0 = Release|Any CPU
		{4164BDF7-F527-4E85-9CE6-E3C2D7426A27}.Release|x64.ActiveCfg = Release|Any CPU
		{4164BDF7-F527-4E85-9CE6-E3C2D7426A27}.Release|x64.Build.0 = Release|Any CPU
		{4164BDF7-F527-4E85-9CE6-E3C2D7426A27}.Release|x86.ActiveCfg = Release|Any CPU
		{4164BDF7-F527-4E85-9CE6-E3C2D7426A27}.Release|x86.Build.0 = Release|Any CPU
		{3B5A0094-670D-4BB1-BFDD-61B88A8773DC}.Debug|Any CPU.ActiveCfg = Debug|Any CPU
		{3B5A0094-670D-4BB1-BFDD-61B88A8773DC}.Debug|Any CPU.Build.0 = Debug|Any CPU
		{3B5A0094-670D-4BB1-BFDD-61B88A8773DC}.Debug|x64.ActiveCfg = Debug|Any CPU
		{3B5A0094-670D-4BB1-BFDD-61B88A8773DC}.Debug|x64.Build.0 = Debug|Any CPU
		{3B5A0094-670D-4BB1-BFDD-61B88A8773DC}.Debug|x86.ActiveCfg = Debug|Any CPU
		{3B5A0094-670D-4BB1-BFDD-61B88A8773DC}.Debug|x86.Build.0 = Debug|Any CPU
		{3B5A0094-670D-4BB1-BFDD-61B88A8773DC}.Release|Any CPU.ActiveCfg = Release|Any CPU
		{3B5A0094-670D-4BB1-BFDD-61B88A8773DC}.Release|Any CPU.Build.0 = Release|Any CPU
		{3B5A0094-670D-4BB1-BFDD-61B88A8773DC}.Release|x64.ActiveCfg = Release|Any CPU
		{3B5A0094-670D-4BB1-BFDD-61B88A8773DC}.Release|x64.Build.0 = Release|Any CPU
		{3B5A0094-670D-4BB1-BFDD-61B88A8773DC}.Release|x86.ActiveCfg = Release|Any CPU
		{3B5A0094-670D-4BB1-BFDD-61B88A8773DC}.Release|x86.Build.0 = Release|Any CPU
		{1FE30EB9-74A9-47F5-A9F6-7B1FAB672D81}.Debug|Any CPU.ActiveCfg = Debug|Any CPU
		{1FE30EB9-74A9-47F5-A9F6-7B1FAB672D81}.Debug|Any CPU.Build.0 = Debug|Any CPU
		{1FE30EB9-74A9-47F5-A9F6-7B1FAB672D81}.Debug|x64.ActiveCfg = Debug|Any CPU
		{1FE30EB9-74A9-47F5-A9F6-7B1FAB672D81}.Debug|x64.Build.0 = Debug|Any CPU
		{1FE30EB9-74A9-47F5-A9F6-7B1FAB672D81}.Debug|x86.ActiveCfg = Debug|Any CPU
		{1FE30EB9-74A9-47F5-A9F6-7B1FAB672D81}.Debug|x86.Build.0 = Debug|Any CPU
		{1FE30EB9-74A9-47F5-A9F6-7B1FAB672D81}.Release|Any CPU.ActiveCfg = Release|Any CPU
		{1FE30EB9-74A9-47F5-A9F6-7B1FAB672D81}.Release|Any CPU.Build.0 = Release|Any CPU
		{1FE30EB9-74A9-47F5-A9F6-7B1FAB672D81}.Release|x64.ActiveCfg = Release|Any CPU
		{1FE30EB9-74A9-47F5-A9F6-7B1FAB672D81}.Release|x64.Build.0 = Release|Any CPU
		{1FE30EB9-74A9-47F5-A9F6-7B1FAB672D81}.Release|x86.ActiveCfg = Release|Any CPU
		{1FE30EB9-74A9-47F5-A9F6-7B1FAB672D81}.Release|x86.Build.0 = Release|Any CPU
		{91853F21-9CD9-4132-BC29-A7D5D84FFFE7}.Debug|Any CPU.ActiveCfg = Debug|Any CPU
		{91853F21-9CD9-4132-BC29-A7D5D84FFFE7}.Debug|Any CPU.Build.0 = Debug|Any CPU
		{91853F21-9CD9-4132-BC29-A7D5D84FFFE7}.Debug|x64.ActiveCfg = Debug|Any CPU
		{91853F21-9CD9-4132-BC29-A7D5D84FFFE7}.Debug|x64.Build.0 = Debug|Any CPU
		{91853F21-9CD9-4132-BC29-A7D5D84FFFE7}.Debug|x86.ActiveCfg = Debug|Any CPU
		{91853F21-9CD9-4132-BC29-A7D5D84FFFE7}.Debug|x86.Build.0 = Debug|Any CPU
		{91853F21-9CD9-4132-BC29-A7D5D84FFFE7}.Release|Any CPU.ActiveCfg = Release|Any CPU
		{91853F21-9CD9-4132-BC29-A7D5D84FFFE7}.Release|Any CPU.Build.0 = Release|Any CPU
		{91853F21-9CD9-4132-BC29-A7D5D84FFFE7}.Release|x64.ActiveCfg = Release|Any CPU
		{91853F21-9CD9-4132-BC29-A7D5D84FFFE7}.Release|x64.Build.0 = Release|Any CPU
		{91853F21-9CD9-4132-BC29-A7D5D84FFFE7}.Release|x86.ActiveCfg = Release|Any CPU
		{91853F21-9CD9-4132-BC29-A7D5D84FFFE7}.Release|x86.Build.0 = Release|Any CPU
		{E512F4D9-9375-480F-A2F6-A46509F9D824}.Debug|Any CPU.ActiveCfg = Debug|Any CPU
		{E512F4D9-9375-480F-A2F6-A46509F9D824}.Debug|Any CPU.Build.0 = Debug|Any CPU
		{E512F4D9-9375-480F-A2F6-A46509F9D824}.Debug|x64.ActiveCfg = Debug|Any CPU
		{E512F4D9-9375-480F-A2F6-A46509F9D824}.Debug|x64.Build.0 = Debug|Any CPU
		{E512F4D9-9375-480F-A2F6-A46509F9D824}.Debug|x86.ActiveCfg = Debug|Any CPU
		{E512F4D9-9375-480F-A2F6-A46509F9D824}.Debug|x86.Build.0 = Debug|Any CPU
		{E512F4D9-9375-480F-A2F6-A46509F9D824}.Release|Any CPU.ActiveCfg = Release|Any CPU
		{E512F4D9-9375-480F-A2F6-A46509F9D824}.Release|Any CPU.Build.0 = Release|Any CPU
		{E512F4D9-9375-480F-A2F6-A46509F9D824}.Release|x64.ActiveCfg = Release|Any CPU
		{E512F4D9-9375-480F-A2F6-A46509F9D824}.Release|x64.Build.0 = Release|Any CPU
		{E512F4D9-9375-480F-A2F6-A46509F9D824}.Release|x86.ActiveCfg = Release|Any CPU
		{E512F4D9-9375-480F-A2F6-A46509F9D824}.Release|x86.Build.0 = Release|Any CPU
		{EF480016-9127-4916-8735-D2466BDBC582}.Debug|Any CPU.ActiveCfg = Debug|Any CPU
		{EF480016-9127-4916-8735-D2466BDBC582}.Debug|Any CPU.Build.0 = Debug|Any CPU
		{EF480016-9127-4916-8735-D2466BDBC582}.Debug|x64.ActiveCfg = Debug|Any CPU
		{EF480016-9127-4916-8735-D2466BDBC582}.Debug|x64.Build.0 = Debug|Any CPU
		{EF480016-9127-4916-8735-D2466BDBC582}.Debug|x86.ActiveCfg = Debug|Any CPU
		{EF480016-9127-4916-8735-D2466BDBC582}.Debug|x86.Build.0 = Debug|Any CPU
		{EF480016-9127-4916-8735-D2466BDBC582}.Release|Any CPU.ActiveCfg = Release|Any CPU
		{EF480016-9127-4916-8735-D2466BDBC582}.Release|Any CPU.Build.0 = Release|Any CPU
		{EF480016-9127-4916-8735-D2466BDBC582}.Release|x64.ActiveCfg = Release|Any CPU
		{EF480016-9127-4916-8735-D2466BDBC582}.Release|x64.Build.0 = Release|Any CPU
		{EF480016-9127-4916-8735-D2466BDBC582}.Release|x86.ActiveCfg = Release|Any CPU
		{EF480016-9127-4916-8735-D2466BDBC582}.Release|x86.Build.0 = Release|Any CPU
		{70680696-BB1E-4383-BCB2-42C3767171FB}.Debug|Any CPU.ActiveCfg = Debug|Any CPU
		{70680696-BB1E-4383-BCB2-42C3767171FB}.Debug|Any CPU.Build.0 = Debug|Any CPU
		{70680696-BB1E-4383-BCB2-42C3767171FB}.Debug|x64.ActiveCfg = Debug|Any CPU
		{70680696-BB1E-4383-BCB2-42C3767171FB}.Debug|x64.Build.0 = Debug|Any CPU
		{70680696-BB1E-4383-BCB2-42C3767171FB}.Debug|x86.ActiveCfg = Debug|Any CPU
		{70680696-BB1E-4383-BCB2-42C3767171FB}.Debug|x86.Build.0 = Debug|Any CPU
		{70680696-BB1E-4383-BCB2-42C3767171FB}.Release|Any CPU.ActiveCfg = Release|Any CPU
		{70680696-BB1E-4383-BCB2-42C3767171FB}.Release|Any CPU.Build.0 = Release|Any CPU
		{70680696-BB1E-4383-BCB2-42C3767171FB}.Release|x64.ActiveCfg = Release|Any CPU
		{70680696-BB1E-4383-BCB2-42C3767171FB}.Release|x64.Build.0 = Release|Any CPU
		{70680696-BB1E-4383-BCB2-42C3767171FB}.Release|x86.ActiveCfg = Release|Any CPU
		{70680696-BB1E-4383-BCB2-42C3767171FB}.Release|x86.Build.0 = Release|Any CPU
		{5C4D8B30-9820-4337-AB16-3206310584FD}.Debug|Any CPU.ActiveCfg = Debug|Any CPU
		{5C4D8B30-9820-4337-AB16-3206310584FD}.Debug|Any CPU.Build.0 = Debug|Any CPU
		{5C4D8B30-9820-4337-AB16-3206310584FD}.Debug|x64.ActiveCfg = Debug|Any CPU
		{5C4D8B30-9820-4337-AB16-3206310584FD}.Debug|x64.Build.0 = Debug|Any CPU
		{5C4D8B30-9820-4337-AB16-3206310584FD}.Debug|x86.ActiveCfg = Debug|Any CPU
		{5C4D8B30-9820-4337-AB16-3206310584FD}.Debug|x86.Build.0 = Debug|Any CPU
		{5C4D8B30-9820-4337-AB16-3206310584FD}.Release|Any CPU.ActiveCfg = Release|Any CPU
		{5C4D8B30-9820-4337-AB16-3206310584FD}.Release|Any CPU.Build.0 = Release|Any CPU
		{5C4D8B30-9820-4337-AB16-3206310584FD}.Release|x64.ActiveCfg = Release|Any CPU
		{5C4D8B30-9820-4337-AB16-3206310584FD}.Release|x64.Build.0 = Release|Any CPU
		{5C4D8B30-9820-4337-AB16-3206310584FD}.Release|x86.ActiveCfg = Release|Any CPU
		{5C4D8B30-9820-4337-AB16-3206310584FD}.Release|x86.Build.0 = Release|Any CPU
		{85832B38-6DE8-4C7D-88E1-57B52C8BBC5D}.Debug|Any CPU.ActiveCfg = Debug|Any CPU
		{85832B38-6DE8-4C7D-88E1-57B52C8BBC5D}.Debug|Any CPU.Build.0 = Debug|Any CPU
		{85832B38-6DE8-4C7D-88E1-57B52C8BBC5D}.Debug|x64.ActiveCfg = Debug|Any CPU
		{85832B38-6DE8-4C7D-88E1-57B52C8BBC5D}.Debug|x64.Build.0 = Debug|Any CPU
		{85832B38-6DE8-4C7D-88E1-57B52C8BBC5D}.Debug|x86.ActiveCfg = Debug|Any CPU
		{85832B38-6DE8-4C7D-88E1-57B52C8BBC5D}.Debug|x86.Build.0 = Debug|Any CPU
		{85832B38-6DE8-4C7D-88E1-57B52C8BBC5D}.Release|Any CPU.ActiveCfg = Release|Any CPU
		{85832B38-6DE8-4C7D-88E1-57B52C8BBC5D}.Release|Any CPU.Build.0 = Release|Any CPU
		{85832B38-6DE8-4C7D-88E1-57B52C8BBC5D}.Release|x64.ActiveCfg = Release|Any CPU
		{85832B38-6DE8-4C7D-88E1-57B52C8BBC5D}.Release|x64.Build.0 = Release|Any CPU
		{85832B38-6DE8-4C7D-88E1-57B52C8BBC5D}.Release|x86.ActiveCfg = Release|Any CPU
		{85832B38-6DE8-4C7D-88E1-57B52C8BBC5D}.Release|x86.Build.0 = Release|Any CPU
		{23CDBC6C-47FD-4922-B495-ACB80B37FAAB}.Debug|Any CPU.ActiveCfg = Debug|Any CPU
		{23CDBC6C-47FD-4922-B495-ACB80B37FAAB}.Debug|Any CPU.Build.0 = Debug|Any CPU
		{23CDBC6C-47FD-4922-B495-ACB80B37FAAB}.Debug|x64.ActiveCfg = Debug|Any CPU
		{23CDBC6C-47FD-4922-B495-ACB80B37FAAB}.Debug|x64.Build.0 = Debug|Any CPU
		{23CDBC6C-47FD-4922-B495-ACB80B37FAAB}.Debug|x86.ActiveCfg = Debug|Any CPU
		{23CDBC6C-47FD-4922-B495-ACB80B37FAAB}.Debug|x86.Build.0 = Debug|Any CPU
		{23CDBC6C-47FD-4922-B495-ACB80B37FAAB}.Release|Any CPU.ActiveCfg = Release|Any CPU
		{23CDBC6C-47FD-4922-B495-ACB80B37FAAB}.Release|Any CPU.Build.0 = Release|Any CPU
		{23CDBC6C-47FD-4922-B495-ACB80B37FAAB}.Release|x64.ActiveCfg = Release|Any CPU
		{23CDBC6C-47FD-4922-B495-ACB80B37FAAB}.Release|x64.Build.0 = Release|Any CPU
		{23CDBC6C-47FD-4922-B495-ACB80B37FAAB}.Release|x86.ActiveCfg = Release|Any CPU
		{23CDBC6C-47FD-4922-B495-ACB80B37FAAB}.Release|x86.Build.0 = Release|Any CPU
		{E9D2555C-D286-4C99-A666-4932E87241A6}.Debug|Any CPU.ActiveCfg = Debug|Any CPU
		{E9D2555C-D286-4C99-A666-4932E87241A6}.Debug|Any CPU.Build.0 = Debug|Any CPU
		{E9D2555C-D286-4C99-A666-4932E87241A6}.Debug|x64.ActiveCfg = Debug|Any CPU
		{E9D2555C-D286-4C99-A666-4932E87241A6}.Debug|x64.Build.0 = Debug|Any CPU
		{E9D2555C-D286-4C99-A666-4932E87241A6}.Debug|x86.ActiveCfg = Debug|Any CPU
		{E9D2555C-D286-4C99-A666-4932E87241A6}.Debug|x86.Build.0 = Debug|Any CPU
		{E9D2555C-D286-4C99-A666-4932E87241A6}.Release|Any CPU.ActiveCfg = Release|Any CPU
		{E9D2555C-D286-4C99-A666-4932E87241A6}.Release|Any CPU.Build.0 = Release|Any CPU
		{E9D2555C-D286-4C99-A666-4932E87241A6}.Release|x64.ActiveCfg = Release|Any CPU
		{E9D2555C-D286-4C99-A666-4932E87241A6}.Release|x64.Build.0 = Release|Any CPU
		{E9D2555C-D286-4C99-A666-4932E87241A6}.Release|x86.ActiveCfg = Release|Any CPU
		{E9D2555C-D286-4C99-A666-4932E87241A6}.Release|x86.Build.0 = Release|Any CPU
		{1E450B7B-6566-4F97-A006-AF4A92E17325}.Debug|Any CPU.ActiveCfg = Debug|Any CPU
		{1E450B7B-6566-4F97-A006-AF4A92E17325}.Debug|Any CPU.Build.0 = Debug|Any CPU
		{1E450B7B-6566-4F97-A006-AF4A92E17325}.Debug|x64.ActiveCfg = Debug|Any CPU
		{1E450B7B-6566-4F97-A006-AF4A92E17325}.Debug|x64.Build.0 = Debug|Any CPU
		{1E450B7B-6566-4F97-A006-AF4A92E17325}.Debug|x86.ActiveCfg = Debug|Any CPU
		{1E450B7B-6566-4F97-A006-AF4A92E17325}.Debug|x86.Build.0 = Debug|Any CPU
		{1E450B7B-6566-4F97-A006-AF4A92E17325}.Release|Any CPU.ActiveCfg = Release|Any CPU
		{1E450B7B-6566-4F97-A006-AF4A92E17325}.Release|Any CPU.Build.0 = Release|Any CPU
		{1E450B7B-6566-4F97-A006-AF4A92E17325}.Release|x64.ActiveCfg = Release|Any CPU
		{1E450B7B-6566-4F97-A006-AF4A92E17325}.Release|x64.Build.0 = Release|Any CPU
		{1E450B7B-6566-4F97-A006-AF4A92E17325}.Release|x86.ActiveCfg = Release|Any CPU
		{1E450B7B-6566-4F97-A006-AF4A92E17325}.Release|x86.Build.0 = Release|Any CPU
		{2D55CF5F-9DCA-4117-8362-2847CDCEF9DE}.Debug|Any CPU.ActiveCfg = Debug|Any CPU
		{2D55CF5F-9DCA-4117-8362-2847CDCEF9DE}.Debug|Any CPU.Build.0 = Debug|Any CPU
		{2D55CF5F-9DCA-4117-8362-2847CDCEF9DE}.Debug|x64.ActiveCfg = Debug|Any CPU
		{2D55CF5F-9DCA-4117-8362-2847CDCEF9DE}.Debug|x64.Build.0 = Debug|Any CPU
		{2D55CF5F-9DCA-4117-8362-2847CDCEF9DE}.Debug|x86.ActiveCfg = Debug|Any CPU
		{2D55CF5F-9DCA-4117-8362-2847CDCEF9DE}.Debug|x86.Build.0 = Debug|Any CPU
		{2D55CF5F-9DCA-4117-8362-2847CDCEF9DE}.Release|Any CPU.ActiveCfg = Release|Any CPU
		{2D55CF5F-9DCA-4117-8362-2847CDCEF9DE}.Release|Any CPU.Build.0 = Release|Any CPU
		{2D55CF5F-9DCA-4117-8362-2847CDCEF9DE}.Release|x64.ActiveCfg = Release|Any CPU
		{2D55CF5F-9DCA-4117-8362-2847CDCEF9DE}.Release|x64.Build.0 = Release|Any CPU
		{2D55CF5F-9DCA-4117-8362-2847CDCEF9DE}.Release|x86.ActiveCfg = Release|Any CPU
		{2D55CF5F-9DCA-4117-8362-2847CDCEF9DE}.Release|x86.Build.0 = Release|Any CPU
		{45798F9D-4E5C-4987-9894-D317062D0964}.Debug|Any CPU.ActiveCfg = Debug|Any CPU
		{45798F9D-4E5C-4987-9894-D317062D0964}.Debug|Any CPU.Build.0 = Debug|Any CPU
		{45798F9D-4E5C-4987-9894-D317062D0964}.Debug|x64.ActiveCfg = Debug|Any CPU
		{45798F9D-4E5C-4987-9894-D317062D0964}.Debug|x64.Build.0 = Debug|Any CPU
		{45798F9D-4E5C-4987-9894-D317062D0964}.Debug|x86.ActiveCfg = Debug|Any CPU
		{45798F9D-4E5C-4987-9894-D317062D0964}.Debug|x86.Build.0 = Debug|Any CPU
		{45798F9D-4E5C-4987-9894-D317062D0964}.Release|Any CPU.ActiveCfg = Release|Any CPU
		{45798F9D-4E5C-4987-9894-D317062D0964}.Release|Any CPU.Build.0 = Release|Any CPU
		{45798F9D-4E5C-4987-9894-D317062D0964}.Release|x64.ActiveCfg = Release|Any CPU
		{45798F9D-4E5C-4987-9894-D317062D0964}.Release|x64.Build.0 = Release|Any CPU
		{45798F9D-4E5C-4987-9894-D317062D0964}.Release|x86.ActiveCfg = Release|Any CPU
		{45798F9D-4E5C-4987-9894-D317062D0964}.Release|x86.Build.0 = Release|Any CPU
		{2745EDA8-0C08-4042-9974-27840034E86D}.Debug|Any CPU.ActiveCfg = Debug|Any CPU
		{2745EDA8-0C08-4042-9974-27840034E86D}.Debug|Any CPU.Build.0 = Debug|Any CPU
		{2745EDA8-0C08-4042-9974-27840034E86D}.Debug|x64.ActiveCfg = Debug|Any CPU
		{2745EDA8-0C08-4042-9974-27840034E86D}.Debug|x64.Build.0 = Debug|Any CPU
		{2745EDA8-0C08-4042-9974-27840034E86D}.Debug|x86.ActiveCfg = Debug|Any CPU
		{2745EDA8-0C08-4042-9974-27840034E86D}.Debug|x86.Build.0 = Debug|Any CPU
		{2745EDA8-0C08-4042-9974-27840034E86D}.Release|Any CPU.ActiveCfg = Release|Any CPU
		{2745EDA8-0C08-4042-9974-27840034E86D}.Release|Any CPU.Build.0 = Release|Any CPU
		{2745EDA8-0C08-4042-9974-27840034E86D}.Release|x64.ActiveCfg = Release|Any CPU
		{2745EDA8-0C08-4042-9974-27840034E86D}.Release|x64.Build.0 = Release|Any CPU
		{2745EDA8-0C08-4042-9974-27840034E86D}.Release|x86.ActiveCfg = Release|Any CPU
		{2745EDA8-0C08-4042-9974-27840034E86D}.Release|x86.Build.0 = Release|Any CPU
		{E9E8DC0B-B4EE-4F13-BC34-76C0256EF3E0}.Debug|Any CPU.ActiveCfg = Debug|Any CPU
		{E9E8DC0B-B4EE-4F13-BC34-76C0256EF3E0}.Debug|Any CPU.Build.0 = Debug|Any CPU
		{E9E8DC0B-B4EE-4F13-BC34-76C0256EF3E0}.Debug|x64.ActiveCfg = Debug|Any CPU
		{E9E8DC0B-B4EE-4F13-BC34-76C0256EF3E0}.Debug|x64.Build.0 = Debug|Any CPU
		{E9E8DC0B-B4EE-4F13-BC34-76C0256EF3E0}.Debug|x86.ActiveCfg = Debug|Any CPU
		{E9E8DC0B-B4EE-4F13-BC34-76C0256EF3E0}.Debug|x86.Build.0 = Debug|Any CPU
		{E9E8DC0B-B4EE-4F13-BC34-76C0256EF3E0}.Release|Any CPU.ActiveCfg = Release|Any CPU
		{E9E8DC0B-B4EE-4F13-BC34-76C0256EF3E0}.Release|Any CPU.Build.0 = Release|Any CPU
		{E9E8DC0B-B4EE-4F13-BC34-76C0256EF3E0}.Release|x64.ActiveCfg = Release|Any CPU
		{E9E8DC0B-B4EE-4F13-BC34-76C0256EF3E0}.Release|x64.Build.0 = Release|Any CPU
		{E9E8DC0B-B4EE-4F13-BC34-76C0256EF3E0}.Release|x86.ActiveCfg = Release|Any CPU
		{E9E8DC0B-B4EE-4F13-BC34-76C0256EF3E0}.Release|x86.Build.0 = Release|Any CPU
		{1EAA3E74-B286-479D-A5C7-A38B5F145EF2}.Debug|Any CPU.ActiveCfg = Debug|Any CPU
		{1EAA3E74-B286-479D-A5C7-A38B5F145EF2}.Debug|Any CPU.Build.0 = Debug|Any CPU
		{1EAA3E74-B286-479D-A5C7-A38B5F145EF2}.Debug|x64.ActiveCfg = Debug|Any CPU
		{1EAA3E74-B286-479D-A5C7-A38B5F145EF2}.Debug|x64.Build.0 = Debug|Any CPU
		{1EAA3E74-B286-479D-A5C7-A38B5F145EF2}.Debug|x86.ActiveCfg = Debug|Any CPU
		{1EAA3E74-B286-479D-A5C7-A38B5F145EF2}.Debug|x86.Build.0 = Debug|Any CPU
		{1EAA3E74-B286-479D-A5C7-A38B5F145EF2}.Release|Any CPU.ActiveCfg = Release|Any CPU
		{1EAA3E74-B286-479D-A5C7-A38B5F145EF2}.Release|Any CPU.Build.0 = Release|Any CPU
		{1EAA3E74-B286-479D-A5C7-A38B5F145EF2}.Release|x64.ActiveCfg = Release|Any CPU
		{1EAA3E74-B286-479D-A5C7-A38B5F145EF2}.Release|x64.Build.0 = Release|Any CPU
		{1EAA3E74-B286-479D-A5C7-A38B5F145EF2}.Release|x86.ActiveCfg = Release|Any CPU
		{1EAA3E74-B286-479D-A5C7-A38B5F145EF2}.Release|x86.Build.0 = Release|Any CPU
		{0F2B299C-DF7F-4156-967F-BD2B85C8BD4B}.Debug|Any CPU.ActiveCfg = Debug|Any CPU
		{0F2B299C-DF7F-4156-967F-BD2B85C8BD4B}.Debug|Any CPU.Build.0 = Debug|Any CPU
		{0F2B299C-DF7F-4156-967F-BD2B85C8BD4B}.Debug|x64.ActiveCfg = Debug|Any CPU
		{0F2B299C-DF7F-4156-967F-BD2B85C8BD4B}.Debug|x64.Build.0 = Debug|Any CPU
		{0F2B299C-DF7F-4156-967F-BD2B85C8BD4B}.Debug|x86.ActiveCfg = Debug|Any CPU
		{0F2B299C-DF7F-4156-967F-BD2B85C8BD4B}.Debug|x86.Build.0 = Debug|Any CPU
		{0F2B299C-DF7F-4156-967F-BD2B85C8BD4B}.Release|Any CPU.ActiveCfg = Release|Any CPU
		{0F2B299C-DF7F-4156-967F-BD2B85C8BD4B}.Release|Any CPU.Build.0 = Release|Any CPU
		{0F2B299C-DF7F-4156-967F-BD2B85C8BD4B}.Release|x64.ActiveCfg = Release|Any CPU
		{0F2B299C-DF7F-4156-967F-BD2B85C8BD4B}.Release|x64.Build.0 = Release|Any CPU
		{0F2B299C-DF7F-4156-967F-BD2B85C8BD4B}.Release|x86.ActiveCfg = Release|Any CPU
		{0F2B299C-DF7F-4156-967F-BD2B85C8BD4B}.Release|x86.Build.0 = Release|Any CPU
		{5BFB266F-9DCC-431C-87DF-5E8198D47F15}.Debug|Any CPU.ActiveCfg = Debug|Any CPU
		{5BFB266F-9DCC-431C-87DF-5E8198D47F15}.Debug|Any CPU.Build.0 = Debug|Any CPU
		{5BFB266F-9DCC-431C-87DF-5E8198D47F15}.Debug|x64.ActiveCfg = Debug|Any CPU
		{5BFB266F-9DCC-431C-87DF-5E8198D47F15}.Debug|x64.Build.0 = Debug|Any CPU
		{5BFB266F-9DCC-431C-87DF-5E8198D47F15}.Debug|x86.ActiveCfg = Debug|Any CPU
		{5BFB266F-9DCC-431C-87DF-5E8198D47F15}.Debug|x86.Build.0 = Debug|Any CPU
		{5BFB266F-9DCC-431C-87DF-5E8198D47F15}.Release|Any CPU.ActiveCfg = Release|Any CPU
		{5BFB266F-9DCC-431C-87DF-5E8198D47F15}.Release|Any CPU.Build.0 = Release|Any CPU
		{5BFB266F-9DCC-431C-87DF-5E8198D47F15}.Release|x64.ActiveCfg = Release|Any CPU
		{5BFB266F-9DCC-431C-87DF-5E8198D47F15}.Release|x64.Build.0 = Release|Any CPU
		{5BFB266F-9DCC-431C-87DF-5E8198D47F15}.Release|x86.ActiveCfg = Release|Any CPU
		{5BFB266F-9DCC-431C-87DF-5E8198D47F15}.Release|x86.Build.0 = Release|Any CPU
		{66F2B849-DB0F-4AA8-8302-8685D1D7CB9D}.Debug|Any CPU.ActiveCfg = Debug|Any CPU
		{66F2B849-DB0F-4AA8-8302-8685D1D7CB9D}.Debug|Any CPU.Build.0 = Debug|Any CPU
		{66F2B849-DB0F-4AA8-8302-8685D1D7CB9D}.Debug|x64.ActiveCfg = Debug|Any CPU
		{66F2B849-DB0F-4AA8-8302-8685D1D7CB9D}.Debug|x64.Build.0 = Debug|Any CPU
		{66F2B849-DB0F-4AA8-8302-8685D1D7CB9D}.Debug|x86.ActiveCfg = Debug|Any CPU
		{66F2B849-DB0F-4AA8-8302-8685D1D7CB9D}.Debug|x86.Build.0 = Debug|Any CPU
		{66F2B849-DB0F-4AA8-8302-8685D1D7CB9D}.Release|Any CPU.ActiveCfg = Release|Any CPU
		{66F2B849-DB0F-4AA8-8302-8685D1D7CB9D}.Release|Any CPU.Build.0 = Release|Any CPU
		{66F2B849-DB0F-4AA8-8302-8685D1D7CB9D}.Release|x64.ActiveCfg = Release|Any CPU
		{66F2B849-DB0F-4AA8-8302-8685D1D7CB9D}.Release|x64.Build.0 = Release|Any CPU
		{66F2B849-DB0F-4AA8-8302-8685D1D7CB9D}.Release|x86.ActiveCfg = Release|Any CPU
		{66F2B849-DB0F-4AA8-8302-8685D1D7CB9D}.Release|x86.Build.0 = Release|Any CPU
		{BC6332BE-3CF7-48EF-9658-D8B3EE7529DB}.Debug|Any CPU.ActiveCfg = Debug|Any CPU
		{BC6332BE-3CF7-48EF-9658-D8B3EE7529DB}.Debug|Any CPU.Build.0 = Debug|Any CPU
		{BC6332BE-3CF7-48EF-9658-D8B3EE7529DB}.Debug|x64.ActiveCfg = Debug|Any CPU
		{BC6332BE-3CF7-48EF-9658-D8B3EE7529DB}.Debug|x64.Build.0 = Debug|Any CPU
		{BC6332BE-3CF7-48EF-9658-D8B3EE7529DB}.Debug|x86.ActiveCfg = Debug|Any CPU
		{BC6332BE-3CF7-48EF-9658-D8B3EE7529DB}.Debug|x86.Build.0 = Debug|Any CPU
		{BC6332BE-3CF7-48EF-9658-D8B3EE7529DB}.Release|Any CPU.ActiveCfg = Release|Any CPU
		{BC6332BE-3CF7-48EF-9658-D8B3EE7529DB}.Release|Any CPU.Build.0 = Release|Any CPU
		{BC6332BE-3CF7-48EF-9658-D8B3EE7529DB}.Release|x64.ActiveCfg = Release|Any CPU
		{BC6332BE-3CF7-48EF-9658-D8B3EE7529DB}.Release|x64.Build.0 = Release|Any CPU
		{BC6332BE-3CF7-48EF-9658-D8B3EE7529DB}.Release|x86.ActiveCfg = Release|Any CPU
		{BC6332BE-3CF7-48EF-9658-D8B3EE7529DB}.Release|x86.Build.0 = Release|Any CPU
		{2F29DF43-1772-4D6D-8A7D-ABDCCEC6DF9A}.Debug|Any CPU.ActiveCfg = Debug|Any CPU
		{2F29DF43-1772-4D6D-8A7D-ABDCCEC6DF9A}.Debug|Any CPU.Build.0 = Debug|Any CPU
		{2F29DF43-1772-4D6D-8A7D-ABDCCEC6DF9A}.Debug|x64.ActiveCfg = Debug|Any CPU
		{2F29DF43-1772-4D6D-8A7D-ABDCCEC6DF9A}.Debug|x64.Build.0 = Debug|Any CPU
		{2F29DF43-1772-4D6D-8A7D-ABDCCEC6DF9A}.Debug|x86.ActiveCfg = Debug|Any CPU
		{2F29DF43-1772-4D6D-8A7D-ABDCCEC6DF9A}.Debug|x86.Build.0 = Debug|Any CPU
		{2F29DF43-1772-4D6D-8A7D-ABDCCEC6DF9A}.Release|Any CPU.ActiveCfg = Release|Any CPU
		{2F29DF43-1772-4D6D-8A7D-ABDCCEC6DF9A}.Release|Any CPU.Build.0 = Release|Any CPU
		{2F29DF43-1772-4D6D-8A7D-ABDCCEC6DF9A}.Release|x64.ActiveCfg = Release|Any CPU
		{2F29DF43-1772-4D6D-8A7D-ABDCCEC6DF9A}.Release|x64.Build.0 = Release|Any CPU
		{2F29DF43-1772-4D6D-8A7D-ABDCCEC6DF9A}.Release|x86.ActiveCfg = Release|Any CPU
		{2F29DF43-1772-4D6D-8A7D-ABDCCEC6DF9A}.Release|x86.Build.0 = Release|Any CPU
		{4248ACEA-19B3-4BF7-ABAE-762C50C4AB5E}.Debug|Any CPU.ActiveCfg = Debug|Any CPU
		{4248ACEA-19B3-4BF7-ABAE-762C50C4AB5E}.Debug|Any CPU.Build.0 = Debug|Any CPU
		{4248ACEA-19B3-4BF7-ABAE-762C50C4AB5E}.Debug|x64.ActiveCfg = Debug|Any CPU
		{4248ACEA-19B3-4BF7-ABAE-762C50C4AB5E}.Debug|x64.Build.0 = Debug|Any CPU
		{4248ACEA-19B3-4BF7-ABAE-762C50C4AB5E}.Debug|x86.ActiveCfg = Debug|Any CPU
		{4248ACEA-19B3-4BF7-ABAE-762C50C4AB5E}.Debug|x86.Build.0 = Debug|Any CPU
		{4248ACEA-19B3-4BF7-ABAE-762C50C4AB5E}.Release|Any CPU.ActiveCfg = Release|Any CPU
		{4248ACEA-19B3-4BF7-ABAE-762C50C4AB5E}.Release|Any CPU.Build.0 = Release|Any CPU
		{4248ACEA-19B3-4BF7-ABAE-762C50C4AB5E}.Release|x64.ActiveCfg = Release|Any CPU
		{4248ACEA-19B3-4BF7-ABAE-762C50C4AB5E}.Release|x64.Build.0 = Release|Any CPU
		{4248ACEA-19B3-4BF7-ABAE-762C50C4AB5E}.Release|x86.ActiveCfg = Release|Any CPU
		{4248ACEA-19B3-4BF7-ABAE-762C50C4AB5E}.Release|x86.Build.0 = Release|Any CPU
		{AADB1EA0-679C-4DBA-B209-4DD11C89FD89}.Debug|Any CPU.ActiveCfg = Debug|Any CPU
		{AADB1EA0-679C-4DBA-B209-4DD11C89FD89}.Debug|Any CPU.Build.0 = Debug|Any CPU
		{AADB1EA0-679C-4DBA-B209-4DD11C89FD89}.Debug|x64.ActiveCfg = Debug|Any CPU
		{AADB1EA0-679C-4DBA-B209-4DD11C89FD89}.Debug|x64.Build.0 = Debug|Any CPU
		{AADB1EA0-679C-4DBA-B209-4DD11C89FD89}.Debug|x86.ActiveCfg = Debug|Any CPU
		{AADB1EA0-679C-4DBA-B209-4DD11C89FD89}.Debug|x86.Build.0 = Debug|Any CPU
		{AADB1EA0-679C-4DBA-B209-4DD11C89FD89}.Release|Any CPU.ActiveCfg = Release|Any CPU
		{AADB1EA0-679C-4DBA-B209-4DD11C89FD89}.Release|Any CPU.Build.0 = Release|Any CPU
		{AADB1EA0-679C-4DBA-B209-4DD11C89FD89}.Release|x64.ActiveCfg = Release|Any CPU
		{AADB1EA0-679C-4DBA-B209-4DD11C89FD89}.Release|x64.Build.0 = Release|Any CPU
		{AADB1EA0-679C-4DBA-B209-4DD11C89FD89}.Release|x86.ActiveCfg = Release|Any CPU
		{AADB1EA0-679C-4DBA-B209-4DD11C89FD89}.Release|x86.Build.0 = Release|Any CPU
		{41924BE6-B1DB-4BA7-B402-BA576FBE011F}.Debug|Any CPU.ActiveCfg = Debug|Any CPU
		{41924BE6-B1DB-4BA7-B402-BA576FBE011F}.Debug|Any CPU.Build.0 = Debug|Any CPU
		{41924BE6-B1DB-4BA7-B402-BA576FBE011F}.Debug|x64.ActiveCfg = Debug|Any CPU
		{41924BE6-B1DB-4BA7-B402-BA576FBE011F}.Debug|x64.Build.0 = Debug|Any CPU
		{41924BE6-B1DB-4BA7-B402-BA576FBE011F}.Debug|x86.ActiveCfg = Debug|Any CPU
		{41924BE6-B1DB-4BA7-B402-BA576FBE011F}.Debug|x86.Build.0 = Debug|Any CPU
		{41924BE6-B1DB-4BA7-B402-BA576FBE011F}.Release|Any CPU.ActiveCfg = Release|Any CPU
		{41924BE6-B1DB-4BA7-B402-BA576FBE011F}.Release|Any CPU.Build.0 = Release|Any CPU
		{41924BE6-B1DB-4BA7-B402-BA576FBE011F}.Release|x64.ActiveCfg = Release|Any CPU
		{41924BE6-B1DB-4BA7-B402-BA576FBE011F}.Release|x64.Build.0 = Release|Any CPU
		{41924BE6-B1DB-4BA7-B402-BA576FBE011F}.Release|x86.ActiveCfg = Release|Any CPU
		{41924BE6-B1DB-4BA7-B402-BA576FBE011F}.Release|x86.Build.0 = Release|Any CPU
		{89119E69-F9D0-4A21-A4A8-D12D8E0883D0}.Debug|Any CPU.ActiveCfg = Debug|Any CPU
		{89119E69-F9D0-4A21-A4A8-D12D8E0883D0}.Debug|Any CPU.Build.0 = Debug|Any CPU
		{89119E69-F9D0-4A21-A4A8-D12D8E0883D0}.Debug|x64.ActiveCfg = Debug|Any CPU
		{89119E69-F9D0-4A21-A4A8-D12D8E0883D0}.Debug|x64.Build.0 = Debug|Any CPU
		{89119E69-F9D0-4A21-A4A8-D12D8E0883D0}.Debug|x86.ActiveCfg = Debug|Any CPU
		{89119E69-F9D0-4A21-A4A8-D12D8E0883D0}.Debug|x86.Build.0 = Debug|Any CPU
		{89119E69-F9D0-4A21-A4A8-D12D8E0883D0}.Release|Any CPU.ActiveCfg = Release|Any CPU
		{89119E69-F9D0-4A21-A4A8-D12D8E0883D0}.Release|Any CPU.Build.0 = Release|Any CPU
		{89119E69-F9D0-4A21-A4A8-D12D8E0883D0}.Release|x64.ActiveCfg = Release|Any CPU
		{89119E69-F9D0-4A21-A4A8-D12D8E0883D0}.Release|x64.Build.0 = Release|Any CPU
		{89119E69-F9D0-4A21-A4A8-D12D8E0883D0}.Release|x86.ActiveCfg = Release|Any CPU
		{89119E69-F9D0-4A21-A4A8-D12D8E0883D0}.Release|x86.Build.0 = Release|Any CPU
		{5742023E-CAC8-4279-A9FB-9A4AFBC377BE}.Debug|Any CPU.ActiveCfg = Debug|Any CPU
		{5742023E-CAC8-4279-A9FB-9A4AFBC377BE}.Debug|Any CPU.Build.0 = Debug|Any CPU
		{5742023E-CAC8-4279-A9FB-9A4AFBC377BE}.Debug|x64.ActiveCfg = Debug|Any CPU
		{5742023E-CAC8-4279-A9FB-9A4AFBC377BE}.Debug|x64.Build.0 = Debug|Any CPU
		{5742023E-CAC8-4279-A9FB-9A4AFBC377BE}.Debug|x86.ActiveCfg = Debug|Any CPU
		{5742023E-CAC8-4279-A9FB-9A4AFBC377BE}.Debug|x86.Build.0 = Debug|Any CPU
		{5742023E-CAC8-4279-A9FB-9A4AFBC377BE}.Release|Any CPU.ActiveCfg = Release|Any CPU
		{5742023E-CAC8-4279-A9FB-9A4AFBC377BE}.Release|Any CPU.Build.0 = Release|Any CPU
		{5742023E-CAC8-4279-A9FB-9A4AFBC377BE}.Release|x64.ActiveCfg = Release|Any CPU
		{5742023E-CAC8-4279-A9FB-9A4AFBC377BE}.Release|x64.Build.0 = Release|Any CPU
		{5742023E-CAC8-4279-A9FB-9A4AFBC377BE}.Release|x86.ActiveCfg = Release|Any CPU
		{5742023E-CAC8-4279-A9FB-9A4AFBC377BE}.Release|x86.Build.0 = Release|Any CPU
		{9C71F51C-F85B-47BF-A55B-AA1D873A127A}.Debug|Any CPU.ActiveCfg = Debug|Any CPU
		{9C71F51C-F85B-47BF-A55B-AA1D873A127A}.Debug|Any CPU.Build.0 = Debug|Any CPU
		{9C71F51C-F85B-47BF-A55B-AA1D873A127A}.Debug|x64.ActiveCfg = Debug|Any CPU
		{9C71F51C-F85B-47BF-A55B-AA1D873A127A}.Debug|x64.Build.0 = Debug|Any CPU
		{9C71F51C-F85B-47BF-A55B-AA1D873A127A}.Debug|x86.ActiveCfg = Debug|Any CPU
		{9C71F51C-F85B-47BF-A55B-AA1D873A127A}.Debug|x86.Build.0 = Debug|Any CPU
		{9C71F51C-F85B-47BF-A55B-AA1D873A127A}.Release|Any CPU.ActiveCfg = Release|Any CPU
		{9C71F51C-F85B-47BF-A55B-AA1D873A127A}.Release|Any CPU.Build.0 = Release|Any CPU
		{9C71F51C-F85B-47BF-A55B-AA1D873A127A}.Release|x64.ActiveCfg = Release|Any CPU
		{9C71F51C-F85B-47BF-A55B-AA1D873A127A}.Release|x64.Build.0 = Release|Any CPU
		{9C71F51C-F85B-47BF-A55B-AA1D873A127A}.Release|x86.ActiveCfg = Release|Any CPU
		{9C71F51C-F85B-47BF-A55B-AA1D873A127A}.Release|x86.Build.0 = Release|Any CPU
	EndGlobalSection
	GlobalSection(SolutionProperties) = preSolution
		HideSolutionNode = FALSE
	EndGlobalSection
	GlobalSection(NestedProjects) = preSolution
		{554AD327-6DBA-4F8F-96F8-81CE7A0C863F} = {CA9AC87F-097E-4F15-8393-4BC07735A5B0}
		{1A94A50E-06DC-43C1-80B5-B662820EC3EB} = {CA9AC87F-097E-4F15-8393-4BC07735A5B0}
		{C956DD76-69C8-4A9C-83EA-D17DF83340FD} = {CA9AC87F-097E-4F15-8393-4BC07735A5B0}
		{068855E8-9240-4F1A-910B-CF825794513B} = {CA9AC87F-097E-4F15-8393-4BC07735A5B0}
		{50B2631D-129C-47B3-A587-029CCD6099BC} = {04DBDB01-70F4-4E06-B468-8F87850B22BE}
		{5F1B28C6-8D0C-4155-92D0-252F7EA5F674} = {04DBDB01-70F4-4E06-B468-8F87850B22BE}
		{42F719ED-8413-4895-B5B4-5AB56079BC66} = {CA9AC87F-097E-4F15-8393-4BC07735A5B0}
		{520659C8-C734-4298-A3DA-B539DB9DFC0B} = {CA9AC87F-097E-4F15-8393-4BC07735A5B0}
		{4164BDF7-F527-4E85-9CE6-E3C2D7426A27} = {CA9AC87F-097E-4F15-8393-4BC07735A5B0}
		{3B5A0094-670D-4BB1-BFDD-61B88A8773DC} = {CA9AC87F-097E-4F15-8393-4BC07735A5B0}
		{1FE30EB9-74A9-47F5-A9F6-7B1FAB672D81} = {04DBDB01-70F4-4E06-B468-8F87850B22BE}
		{91853F21-9CD9-4132-BC29-A7D5D84FFFE7} = {04DBDB01-70F4-4E06-B468-8F87850B22BE}
		{E512F4D9-9375-480F-A2F6-A46509F9D824} = {04DBDB01-70F4-4E06-B468-8F87850B22BE}
		{EF480016-9127-4916-8735-D2466BDBC582} = {04DBDB01-70F4-4E06-B468-8F87850B22BE}
		{70680696-BB1E-4383-BCB2-42C3767171FB} = {CA9AC87F-097E-4F15-8393-4BC07735A5B0}
		{0248210F-FB81-8F4D-F3AB-BFD68D30FAE7} = {CA253913-39DE-BFD0-C9A3-4B7EC6FBDF17}
		{5C4D8B30-9820-4337-AB16-3206310584FD} = {0248210F-FB81-8F4D-F3AB-BFD68D30FAE7}
		{85832B38-6DE8-4C7D-88E1-57B52C8BBC5D} = {0248210F-FB81-8F4D-F3AB-BFD68D30FAE7}
		{23CDBC6C-47FD-4922-B495-ACB80B37FAAB} = {0248210F-FB81-8F4D-F3AB-BFD68D30FAE7}
		{E9D2555C-D286-4C99-A666-4932E87241A6} = {0248210F-FB81-8F4D-F3AB-BFD68D30FAE7}
		{1E450B7B-6566-4F97-A006-AF4A92E17325} = {0248210F-FB81-8F4D-F3AB-BFD68D30FAE7}
		{2D55CF5F-9DCA-4117-8362-2847CDCEF9DE} = {0248210F-FB81-8F4D-F3AB-BFD68D30FAE7}
		{45798F9D-4E5C-4987-9894-D317062D0964} = {0248210F-FB81-8F4D-F3AB-BFD68D30FAE7}
		{2745EDA8-0C08-4042-9974-27840034E86D} = {0248210F-FB81-8F4D-F3AB-BFD68D30FAE7}
		{E9E8DC0B-B4EE-4F13-BC34-76C0256EF3E0} = {0248210F-FB81-8F4D-F3AB-BFD68D30FAE7}
		{1EAA3E74-B286-479D-A5C7-A38B5F145EF2} = {0248210F-FB81-8F4D-F3AB-BFD68D30FAE7}
		{0F2B299C-DF7F-4156-967F-BD2B85C8BD4B} = {0248210F-FB81-8F4D-F3AB-BFD68D30FAE7}
		{5BFB266F-9DCC-431C-87DF-5E8198D47F15} = {0248210F-FB81-8F4D-F3AB-BFD68D30FAE7}
		{66F2B849-DB0F-4AA8-8302-8685D1D7CB9D} = {0248210F-FB81-8F4D-F3AB-BFD68D30FAE7}
		{BC6332BE-3CF7-48EF-9658-D8B3EE7529DB} = {0248210F-FB81-8F4D-F3AB-BFD68D30FAE7}
		{2F29DF43-1772-4D6D-8A7D-ABDCCEC6DF9A} = {0248210F-FB81-8F4D-F3AB-BFD68D30FAE7}
		{4248ACEA-19B3-4BF7-ABAE-762C50C4AB5E} = {0248210F-FB81-8F4D-F3AB-BFD68D30FAE7}
		{9CE99322-091D-62DF-B4C8-DA745BC3385A} = {04DBDB01-70F4-4E06-B468-8F87850B22BE}
		{AADB1EA0-679C-4DBA-B209-4DD11C89FD89} = {9CE99322-091D-62DF-B4C8-DA745BC3385A}
		{41924BE6-B1DB-4BA7-B402-BA576FBE011F} = {9CE99322-091D-62DF-B4C8-DA745BC3385A}
		{89119E69-F9D0-4A21-A4A8-D12D8E0883D0} = {9CE99322-091D-62DF-B4C8-DA745BC3385A}
		{5742023E-CAC8-4279-A9FB-9A4AFBC377BE} = {9CE99322-091D-62DF-B4C8-DA745BC3385A}
		{9C71F51C-F85B-47BF-A55B-AA1D873A127A} = {9CE99322-091D-62DF-B4C8-DA745BC3385A}
	EndGlobalSection
	GlobalSection(ExtensibilityGlobals) = postSolution
		SolutionGuid = {28315BFD-90E7-4E14-A2EA-F3D23AF4126F}
	EndGlobalSection
EndGlobal
